
Microsoft Visual Studio Solution File, Format Version 12.00
# Visual Studio Version 17
VisualStudioVersion = 17.10.35013.160
MinimumVisualStudioVersion = 10.0.40219.1
Project("{9A19103F-16F7-4668-BE54-9A1E7A4F7556}") = "Data", "Data\Data.csproj", "{116A7FAE-8F48-4636-B6EC-7C19268F5BDA}"
EndProject
Project("{9A19103F-16F7-4668-BE54-9A1E7A4F7556}") = "Admin", "Admin\Admin.csproj", "{FF2BD86B-D316-4E6D-98F0-D5817156643F}"
EndProject
Project("{9A19103F-16F7-4668-BE54-9A1E7A4F7556}") = "Core", "Core\Core.csproj", "{C3E6BF84-95C2-45C6-B3D9-9664475B3205}"
EndProject
Project("{9A19103F-16F7-4668-BE54-9A1E7A4F7556}") = "Admin.Tests", "Admin.Tests\Admin.Tests.csproj", "{EE60EDFD-CE2F-4ABF-B47F-697F073AA37B}"
EndProject
Project("{9A19103F-16F7-4668-BE54-9A1E7A4F7556}") = "Auth", "Auth\Auth.csproj", "{D6150700-E9CE-44A9-B8CB-B5901C7D7014}"
EndProject
Project("{2150E333-8FDC-42A3-9474-1A3956D46DE8}") = "Tests", "Tests", "{A43597E1-556A-4DD1-AADC-AED81C278855}"
EndProject
Project("{9A19103F-16F7-4668-BE54-9A1E7A4F7556}") = "Core.Tests", "Core.Tests\Core.Tests.csproj", "{7A8BA5BC-9D45-4F58-9BDB-92B6AED199FF}"
EndProject
Project("{9A19103F-16F7-4668-BE54-9A1E7A4F7556}") = "Data.Tests", "Data.Tests\Data.Tests.csproj", "{20B72BE7-2A93-4730-88C0-798D972F043E}"
EndProject
Project("{2150E333-8FDC-42A3-9474-1A3956D46DE8}") = "Integration", "Integration", "{E686F874-4ABB-4CFE-8EAC-FC8B727D039E}"
EndProject
Global
	GlobalSection(SolutionConfigurationPlatforms) = preSolution
		Debug|Any CPU = Debug|Any CPU
		Release|Any CPU = Release|Any CPU
	EndGlobalSection
	GlobalSection(ProjectConfigurationPlatforms) = postSolution
		{116A7FAE-8F48-4636-B6EC-7C19268F5BDA}.Debug|Any CPU.ActiveCfg = Debug|Any CPU
		{116A7FAE-8F48-4636-B6EC-7C19268F5BDA}.Debug|Any CPU.Build.0 = Debug|Any CPU
		{116A7FAE-8F48-4636-B6EC-7C19268F5BDA}.Release|Any CPU.ActiveCfg = Release|Any CPU
		{116A7FAE-8F48-4636-B6EC-7C19268F5BDA}.Release|Any CPU.Build.0 = Release|Any CPU
		{FF2BD86B-D316-4E6D-98F0-D5817156643F}.Debug|Any CPU.ActiveCfg = Debug|Any CPU
		{FF2BD86B-D316-4E6D-98F0-D5817156643F}.Debug|Any CPU.Build.0 = Debug|Any CPU
		{FF2BD86B-D316-4E6D-98F0-D5817156643F}.Release|Any CPU.ActiveCfg = Release|Any CPU
		{FF2BD86B-D316-4E6D-98F0-D5817156643F}.Release|Any CPU.Build.0 = Release|Any CPU
		{C3E6BF84-95C2-45C6-B3D9-9664475B3205}.Debug|Any CPU.ActiveCfg = Debug|Any CPU
		{C3E6BF84-95C2-45C6-B3D9-9664475B3205}.Debug|Any CPU.Build.0 = Debug|Any CPU
		{C3E6BF84-95C2-45C6-B3D9-9664475B3205}.Release|Any CPU.ActiveCfg = Release|Any CPU
		{C3E6BF84-95C2-45C6-B3D9-9664475B3205}.Release|Any CPU.Build.0 = Release|Any CPU
		{EE60EDFD-CE2F-4ABF-B47F-697F073AA37B}.Debug|Any CPU.ActiveCfg = Debug|Any CPU
		{EE60EDFD-CE2F-4ABF-B47F-697F073AA37B}.Debug|Any CPU.Build.0 = Debug|Any CPU
		{EE60EDFD-CE2F-4ABF-B47F-697F073AA37B}.Release|Any CPU.ActiveCfg = Release|Any CPU
		{EE60EDFD-CE2F-4ABF-B47F-697F073AA37B}.Release|Any CPU.Build.0 = Release|Any CPU
		{D6150700-E9CE-44A9-B8CB-B5901C7D7014}.Debug|Any CPU.ActiveCfg = Debug|Any CPU
		{D6150700-E9CE-44A9-B8CB-B5901C7D7014}.Debug|Any CPU.Build.0 = Debug|Any CPU
		{D6150700-E9CE-44A9-B8CB-B5901C7D7014}.Release|Any CPU.ActiveCfg = Release|Any CPU
		{D6150700-E9CE-44A9-B8CB-B5901C7D7014}.Release|Any CPU.Build.0 = Release|Any CPU
		{7A8BA5BC-9D45-4F58-9BDB-92B6AED199FF}.Debug|Any CPU.ActiveCfg = Debug|Any CPU
		{7A8BA5BC-9D45-4F58-9BDB-92B6AED199FF}.Debug|Any CPU.Build.0 = Debug|Any CPU
		{7A8BA5BC-9D45-4F58-9BDB-92B6AED199FF}.Release|Any CPU.ActiveCfg = Release|Any CPU
		{7A8BA5BC-9D45-4F58-9BDB-92B6AED199FF}.Release|Any CPU.Build.0 = Release|Any CPU
		{20B72BE7-2A93-4730-88C0-798D972F043E}.Debug|Any CPU.ActiveCfg = Debug|Any CPU
		{20B72BE7-2A93-4730-88C0-798D972F043E}.Debug|Any CPU.Build.0 = Debug|Any CPU
		{20B72BE7-2A93-4730-88C0-798D972F043E}.Release|Any CPU.ActiveCfg = Release|Any CPU
		{20B72BE7-2A93-4730-88C0-798D972F043E}.Release|Any CPU.Build.0 = Release|Any CPU
	EndGlobalSection
	GlobalSection(SolutionProperties) = preSolution
		HideSolutionNode = FALSE
	EndGlobalSection
	GlobalSection(NestedProjects) = preSolution
		{EE60EDFD-CE2F-4ABF-B47F-697F073AA37B} = {A43597E1-556A-4DD1-AADC-AED81C278855}
		{7A8BA5BC-9D45-4F58-9BDB-92B6AED199FF} = {A43597E1-556A-4DD1-AADC-AED81C278855}
		{20B72BE7-2A93-4730-88C0-798D972F043E} = {E686F874-4ABB-4CFE-8EAC-FC8B727D039E}
		{E686F874-4ABB-4CFE-8EAC-FC8B727D039E} = {A43597E1-556A-4DD1-AADC-AED81C278855}
	EndGlobalSection
	GlobalSection(ExtensibilityGlobals) = postSolution
		SolutionGuid = {B9FDC013-3612-408A-BA49-3BC8A0951C01}
	EndGlobalSection
EndGlobal
